
Microsoft Visual Studio Solution File, Format Version 12.00
# Visual Studio Version 17
VisualStudioVersion = 17.1.32414.318
MinimumVisualStudioVersion = 10.0.40219.1
Project("{FAE04EC0-301F-11D3-BF4B-00C04F79EFBC}") = "ConsoleApp1", "ConsoleApp1.csproj", "{1A11D45A-DD64-4E23-839B-1E4EC8180570}"
EndProject
Global
	GlobalSection(SolutionConfigurationPlatforms) = preSolution
		Debug|Any CPU = Debug|Any CPU
		Release|Any CPU = Release|Any CPU
	EndGlobalSection
	GlobalSection(ProjectConfigurationPlatforms) = postSolution
		{1A11D45A-DD64-4E23-839B-1E4EC8180570}.Debug|Any CPU.ActiveCfg = Debug|Any CPU
		{1A11D45A-DD64-4E23-839B-1E4EC8180570}.Debug|Any CPU.Build.0 = Debug|Any CPU
		{1A11D45A-DD64-4E23-839B-1E4EC8180570}.Release|Any CPU.ActiveCfg = Release|Any CPU
		{1A11D45A-DD64-4E23-839B-1E4EC8180570}.Release|Any CPU.Build.0 = Release|Any CPU
	EndGlobalSection
	GlobalSection(SolutionProperties) = preSolution
		HideSolutionNode = FALSE
	EndGlobalSection
	GlobalSection(ExtensibilityGlobals) = postSolution
		SolutionGuid = {6727B8FC-E10E-4441-8F2C-7C2512496775}
	EndGlobalSection
EndGlobal
