
Microsoft Visual Studio Solution File, Format Version 12.00
# Visual Studio Version 17
VisualStudioVersion = 17.1.32414.318
MinimumVisualStudioVersion = 10.0.40219.1
Project("{FAE04EC0-301F-11D3-BF4B-00C04F79EFBC}") = "listy", "listy.csproj", "{D60E9546-737A-4BF4-BD2C-64329B17677D}"
EndProject
Global
	GlobalSection(SolutionConfigurationPlatforms) = preSolution
		Debug|Any CPU = Debug|Any CPU
		Release|Any CPU = Release|Any CPU
	EndGlobalSection
	GlobalSection(ProjectConfigurationPlatforms) = postSolution
		{D60E9546-737A-4BF4-BD2C-64329B17677D}.Debug|Any CPU.ActiveCfg = Debug|Any CPU
		{D60E9546-737A-4BF4-BD2C-64329B17677D}.Debug|Any CPU.Build.0 = Debug|Any CPU
		{D60E9546-737A-4BF4-BD2C-64329B17677D}.Release|Any CPU.ActiveCfg = Release|Any CPU
		{D60E9546-737A-4BF4-BD2C-64329B17677D}.Release|Any CPU.Build.0 = Release|Any CPU
	EndGlobalSection
	GlobalSection(SolutionProperties) = preSolution
		HideSolutionNode = FALSE
	EndGlobalSection
	GlobalSection(ExtensibilityGlobals) = postSolution
		SolutionGuid = {AE6A7881-CF00-40A7-B03C-BF6D88868539}
	EndGlobalSection
EndGlobal
